
Microsoft Visual Studio Solution File, Format Version 12.00
# Visual Studio Version 17
VisualStudioVersion = 17.1.32407.343
MinimumVisualStudioVersion = 10.0.40219.1
Project("{FAE04EC0-301F-11D3-BF4B-00C04F79EFBC}") = "MyBlogWebSite", "MyBlogWebSite\MyBlogWebSite.csproj", "{11AFE85D-BC1C-41C8-AB8A-F464CD890144}"
EndProject
Global
	GlobalSection(SolutionConfigurationPlatforms) = preSolution
		Debug|Any CPU = Debug|Any CPU
		Release|Any CPU = Release|Any CPU
	EndGlobalSection
	GlobalSection(ProjectConfigurationPlatforms) = postSolution
		{11AFE85D-BC1C-41C8-AB8A-F464CD890144}.Debug|Any CPU.ActiveCfg = Debug|Any CPU
		{11AFE85D-BC1C-41C8-AB8A-F464CD890144}.Debug|Any CPU.Build.0 = Debug|Any CPU
		{11AFE85D-BC1C-41C8-AB8A-F464CD890144}.Release|Any CPU.ActiveCfg = Release|Any CPU
		{11AFE85D-BC1C-41C8-AB8A-F464CD890144}.Release|Any CPU.Build.0 = Release|Any CPU
	EndGlobalSection
	GlobalSection(SolutionProperties) = preSolution
		HideSolutionNode = FALSE
	EndGlobalSection
	GlobalSection(ExtensibilityGlobals) = postSolution
		SolutionGuid = {732AF526-12C0-4771-B711-3E7A1F88857C}
	EndGlobalSection
EndGlobal
